// !$*UTF8*$!
{
	archiveVersion = 1;
	classes = {
	};
	objectVersion = 50;
	objects = {

/* Begin PBXBuildFile section */
		CD582823251EC20300CE7B73 /* AppDelegate.swift in Sources */ = {isa = PBXBuildFile; fileRef = CD582822251EC20300CE7B73 /* AppDelegate.swift */; };
		CD582825251EC20300CE7B73 /* SceneDelegate.swift in Sources */ = {isa = PBXBuildFile; fileRef = CD582824251EC20300CE7B73 /* SceneDelegate.swift */; };
		CD582827251EC20300CE7B73 /* ViewController.swift in Sources */ = {isa = PBXBuildFile; fileRef = CD582826251EC20300CE7B73 /* ViewController.swift */; };
		CD58282A251EC20300CE7B73 /* Main.storyboard in Resources */ = {isa = PBXBuildFile; fileRef = CD582828251EC20300CE7B73 /* Main.storyboard */; };
		CD58282C251EC20300CE7B73 /* Assets.xcassets in Resources */ = {isa = PBXBuildFile; fileRef = CD58282B251EC20300CE7B73 /* Assets.xcassets */; };
		CD58282F251EC20300CE7B73 /* LaunchScreen.storyboard in Resources */ = {isa = PBXBuildFile; fileRef = CD58282D251EC20300CE7B73 /* LaunchScreen.storyboard */; };
		CD58283A251EC20300CE7B73 /* flixsterTests.swift in Sources */ = {isa = PBXBuildFile; fileRef = CD582839251EC20300CE7B73 /* flixsterTests.swift */; };
		CD582845251EC20300CE7B73 /* flixsterUITests.swift in Sources */ = {isa = PBXBuildFile; fileRef = CD582844251EC20300CE7B73 /* flixsterUITests.swift */; };
/* End PBXBuildFile section */

/* Begin PBXContainerItemProxy section */
		CD582836251EC20300CE7B73 /* PBXContainerItemProxy */ = {
			isa = PBXContainerItemProxy;
			containerPortal = CD582817251EC20300CE7B73 /* Project object */;
			proxyType = 1;
			remoteGlobalIDString = CD58281E251EC20300CE7B73;
			remoteInfo = flixster;
		};
		CD582841251EC20300CE7B73 /* PBXContainerItemProxy */ = {
			isa = PBXContainerItemProxy;
			containerPortal = CD582817251EC20300CE7B73 /* Project object */;
			proxyType = 1;
			remoteGlobalIDString = CD58281E251EC20300CE7B73;
			remoteInfo = flixster;
		};
/* End PBXContainerItemProxy section */

/* Begin PBXFileReference section */
		CD58281F251EC20300CE7B73 /* flixster.app */ = {isa = PBXFileReference; explicitFileType = wrapper.application; includeInIndex = 0; path = flixster.app; sourceTree = BUILT_PRODUCTS_DIR; };
		CD582822251EC20300CE7B73 /* AppDelegate.swift */ = {isa = PBXFileReference; lastKnownFileType = sourcecode.swift; path = AppDelegate.swift; sourceTree = "<group>"; };
		CD582824251EC20300CE7B73 /* SceneDelegate.swift */ = {isa = PBXFileReference; lastKnownFileType = sourcecode.swift; path = SceneDelegate.swift; sourceTree = "<group>"; };
		CD582826251EC20300CE7B73 /* ViewController.swift */ = {isa = PBXFileReference; lastKnownFileType = sourcecode.swift; path = ViewController.swift; sourceTree = "<group>"; };
		CD582829251EC20300CE7B73 /* Base */ = {isa = PBXFileReference; lastKnownFileType = file.storyboard; name = Base; path = Base.lproj/Main.storyboard; sourceTree = "<group>"; };
		CD58282B251EC20300CE7B73 /* Assets.xcassets */ = {isa = PBXFileReference; lastKnownFileType = folder.assetcatalog; path = Assets.xcassets; sourceTree = "<group>"; };
		CD58282E251EC20300CE7B73 /* Base */ = {isa = PBXFileReference; lastKnownFileType = file.storyboard; name = Base; path = Base.lproj/LaunchScreen.storyboard; sourceTree = "<group>"; };
		CD582830251EC20300CE7B73 /* Info.plist */ = {isa = PBXFileReference; lastKnownFileType = text.plist.xml; path = Info.plist; sourceTree = "<group>"; };
		CD582835251EC20300CE7B73 /* flixsterTests.xctest */ = {isa = PBXFileReference; explicitFileType = wrapper.cfbundle; includeInIndex = 0; path = flixsterTests.xctest; sourceTree = BUILT_PRODUCTS_DIR; };
		CD582839251EC20300CE7B73 /* flixsterTests.swift */ = {isa = PBXFileReference; lastKnownFileType = sourcecode.swift; path = flixsterTests.swift; sourceTree = "<group>"; };
		CD58283B251EC20300CE7B73 /* Info.plist */ = {isa = PBXFileReference; lastKnownFileType = text.plist.xml; path = Info.plist; sourceTree = "<group>"; };
		CD582840251EC20300CE7B73 /* flixsterUITests.xctest */ = {isa = PBXFileReference; explicitFileType = wrapper.cfbundle; includeInIndex = 0; path = flixsterUITests.xctest; sourceTree = BUILT_PRODUCTS_DIR; };
		CD582844251EC20300CE7B73 /* flixsterUITests.swift */ = {isa = PBXFileReference; lastKnownFileType = sourcecode.swift; path = flixsterUITests.swift; sourceTree = "<group>"; };
		CD582846251EC20300CE7B73 /* Info.plist */ = {isa = PBXFileReference; lastKnownFileType = text.plist.xml; path = Info.plist; sourceTree = "<group>"; };
/* End PBXFileReference section */

/* Begin PBXFrameworksBuildPhase section */
		CD58281C251EC20300CE7B73 /* Frameworks */ = {
			isa = PBXFrameworksBuildPhase;
			buildActionMask = 2147483647;
			files = (
			);
			runOnlyForDeploymentPostprocessing = 0;
		};
		CD582832251EC20300CE7B73 /* Frameworks */ = {
			isa = PBXFrameworksBuildPhase;
			buildActionMask = 2147483647;
			files = (
			);
			runOnlyForDeploymentPostprocessing = 0;
		};
		CD58283D251EC20300CE7B73 /* Frameworks */ = {
			isa = PBXFrameworksBuildPhase;
			buildActionMask = 2147483647;
			files = (
			);
			runOnlyForDeploymentPostprocessing = 0;
		};
/* End PBXFrameworksBuildPhase section */

/* Begin PBXGroup section */
		CD582816251EC20300CE7B73 = {
			isa = PBXGroup;
			children = (
				CD582821251EC20300CE7B73 /* flixster */,
				CD582838251EC20300CE7B73 /* flixsterTests */,
				CD582843251EC20300CE7B73 /* flixsterUITests */,
				CD582820251EC20300CE7B73 /* Products */,
			);
			sourceTree = "<group>";
		};
		CD582820251EC20300CE7B73 /* Products */ = {
			isa = PBXGroup;
			children = (
				CD58281F251EC20300CE7B73 /* flixster.app */,
				CD582835251EC20300CE7B73 /* flixsterTests.xctest */,
				CD582840251EC20300CE7B73 /* flixsterUITests.xctest */,
			);
			name = Products;
			sourceTree = "<group>";
		};
		CD582821251EC20300CE7B73 /* flixster */ = {
			isa = PBXGroup;
			children = (
				CD582822251EC20300CE7B73 /* AppDelegate.swift */,
				CD582824251EC20300CE7B73 /* SceneDelegate.swift */,
				CD582826251EC20300CE7B73 /* ViewController.swift */,
				CD582828251EC20300CE7B73 /* Main.storyboard */,
				CD58282B251EC20300CE7B73 /* Assets.xcassets */,
				CD58282D251EC20300CE7B73 /* LaunchScreen.storyboard */,
				CD582830251EC20300CE7B73 /* Info.plist */,
			);
			path = flixster;
			sourceTree = "<group>";
		};
		CD582838251EC20300CE7B73 /* flixsterTests */ = {
			isa = PBXGroup;
			children = (
				CD582839251EC20300CE7B73 /* flixsterTests.swift */,
				CD58283B251EC20300CE7B73 /* Info.plist */,
			);
			path = flixsterTests;
			sourceTree = "<group>";
		};
		CD582843251EC20300CE7B73 /* flixsterUITests */ = {
			isa = PBXGroup;
			children = (
				CD582844251EC20300CE7B73 /* flixsterUITests.swift */,
				CD582846251EC20300CE7B73 /* Info.plist */,
			);
			path = flixsterUITests;
			sourceTree = "<group>";
		};
/* End PBXGroup section */

/* Begin PBXNativeTarget section */
		CD58281E251EC20300CE7B73 /* flixster */ = {
			isa = PBXNativeTarget;
			buildConfigurationList = CD582849251EC20300CE7B73 /* Build configuration list for PBXNativeTarget "flixster" */;
			buildPhases = (
				CD58281B251EC20300CE7B73 /* Sources */,
				CD58281C251EC20300CE7B73 /* Frameworks */,
				CD58281D251EC20300CE7B73 /* Resources */,
			);
			buildRules = (
			);
			dependencies = (
			);
			name = flixster;
			productName = flixster;
			productReference = CD58281F251EC20300CE7B73 /* flixster.app */;
			productType = "com.apple.product-type.application";
		};
		CD582834251EC20300CE7B73 /* flixsterTests */ = {
			isa = PBXNativeTarget;
			buildConfigurationList = CD58284C251EC20300CE7B73 /* Build configuration list for PBXNativeTarget "flixsterTests" */;
			buildPhases = (
				CD582831251EC20300CE7B73 /* Sources */,
				CD582832251EC20300CE7B73 /* Frameworks */,
				CD582833251EC20300CE7B73 /* Resources */,
			);
			buildRules = (
			);
			dependencies = (
				CD582837251EC20300CE7B73 /* PBXTargetDependency */,
			);
			name = flixsterTests;
			productName = flixsterTests;
			productReference = CD582835251EC20300CE7B73 /* flixsterTests.xctest */;
			productType = "com.apple.product-type.bundle.unit-test";
		};
		CD58283F251EC20300CE7B73 /* flixsterUITests */ = {
			isa = PBXNativeTarget;
			buildConfigurationList = CD58284F251EC20300CE7B73 /* Build configuration list for PBXNativeTarget "flixsterUITests" */;
			buildPhases = (
				CD58283C251EC20300CE7B73 /* Sources */,
				CD58283D251EC20300CE7B73 /* Frameworks */,
				CD58283E251EC20300CE7B73 /* Resources */,
			);
			buildRules = (
			);
			dependencies = (
				CD582842251EC20300CE7B73 /* PBXTargetDependency */,
			);
			name = flixsterUITests;
			productName = flixsterUITests;
			productReference = CD582840251EC20300CE7B73 /* flixsterUITests.xctest */;
			productType = "com.apple.product-type.bundle.ui-testing";
		};
/* End PBXNativeTarget section */

/* Begin PBXProject section */
		CD582817251EC20300CE7B73 /* Project object */ = {
			isa = PBXProject;
			attributes = {
				LastSwiftUpdateCheck = 1200;
				LastUpgradeCheck = 1200;
				TargetAttributes = {
					CD58281E251EC20300CE7B73 = {
						CreatedOnToolsVersion = 12.0;
					};
					CD582834251EC20300CE7B73 = {
						CreatedOnToolsVersion = 12.0;
						TestTargetID = CD58281E251EC20300CE7B73;
					};
					CD58283F251EC20300CE7B73 = {
						CreatedOnToolsVersion = 12.0;
						TestTargetID = CD58281E251EC20300CE7B73;
					};
				};
			};
			buildConfigurationList = CD58281A251EC20300CE7B73 /* Build configuration list for PBXProject "flixster" */;
			compatibilityVersion = "Xcode 9.3";
			developmentRegion = en;
			hasScannedForEncodings = 0;
			knownRegions = (
				en,
				Base,
			);
			mainGroup = CD582816251EC20300CE7B73;
			productRefGroup = CD582820251EC20300CE7B73 /* Products */;
			projectDirPath = "";
			projectRoot = "";
			targets = (
				CD58281E251EC20300CE7B73 /* flixster */,
				CD582834251EC20300CE7B73 /* flixsterTests */,
				CD58283F251EC20300CE7B73 /* flixsterUITests */,
			);
		};
/* End PBXProject section */

/* Begin PBXResourcesBuildPhase section */
		CD58281D251EC20300CE7B73 /* Resources */ = {
			isa = PBXResourcesBuildPhase;
			buildActionMask = 2147483647;
			files = (
				CD58282F251EC20300CE7B73 /* LaunchScreen.storyboard in Resources */,
				CD58282C251EC20300CE7B73 /* Assets.xcassets in Resources */,
				CD58282A251EC20300CE7B73 /* Main.storyboard in Resources */,
			);
			runOnlyForDeploymentPostprocessing = 0;
		};
		CD582833251EC20300CE7B73 /* Resources */ = {
			isa = PBXResourcesBuildPhase;
			buildActionMask = 2147483647;
			files = (
			);
			runOnlyForDeploymentPostprocessing = 0;
		};
		CD58283E251EC20300CE7B73 /* Resources */ = {
			isa = PBXResourcesBuildPhase;
			buildActionMask = 2147483647;
			files = (
			);
			runOnlyForDeploymentPostprocessing = 0;
		};
/* End PBXResourcesBuildPhase section */

/* Begin PBXSourcesBuildPhase section */
		CD58281B251EC20300CE7B73 /* Sources */ = {
			isa = PBXSourcesBuildPhase;
			buildActionMask = 2147483647;
			files = (
				CD582827251EC20300CE7B73 /* ViewController.swift in Sources */,
				CD582823251EC20300CE7B73 /* AppDelegate.swift in Sources */,
				CD582825251EC20300CE7B73 /* SceneDelegate.swift in Sources */,
			);
			runOnlyForDeploymentPostprocessing = 0;
		};
		CD582831251EC20300CE7B73 /* Sources */ = {
			isa = PBXSourcesBuildPhase;
			buildActionMask = 2147483647;
			files = (
				CD58283A251EC20300CE7B73 /* flixsterTests.swift in Sources */,
			);
			runOnlyForDeploymentPostprocessing = 0;
		};
		CD58283C251EC20300CE7B73 /* Sources */ = {
			isa = PBXSourcesBuildPhase;
			buildActionMask = 2147483647;
			files = (
				CD582845251EC20300CE7B73 /* flixsterUITests.swift in Sources */,
			);
			runOnlyForDeploymentPostprocessing = 0;
		};
/* End PBXSourcesBuildPhase section */

/* Begin PBXTargetDependency section */
		CD582837251EC20300CE7B73 /* PBXTargetDependency */ = {
			isa = PBXTargetDependency;
			target = CD58281E251EC20300CE7B73 /* flixster */;
			targetProxy = CD582836251EC20300CE7B73 /* PBXContainerItemProxy */;
		};
		CD582842251EC20300CE7B73 /* PBXTargetDependency */ = {
			isa = PBXTargetDependency;
			target = CD58281E251EC20300CE7B73 /* flixster */;
			targetProxy = CD582841251EC20300CE7B73 /* PBXContainerItemProxy */;
		};
/* End PBXTargetDependency section */

/* Begin PBXVariantGroup section */
		CD582828251EC20300CE7B73 /* Main.storyboard */ = {
			isa = PBXVariantGroup;
			children = (
				CD582829251EC20300CE7B73 /* Base */,
			);
			name = Main.storyboard;
			sourceTree = "<group>";
		};
		CD58282D251EC20300CE7B73 /* LaunchScreen.storyboard */ = {
			isa = PBXVariantGroup;
			children = (
				CD58282E251EC20300CE7B73 /* Base */,
			);
			name = LaunchScreen.storyboard;
			sourceTree = "<group>";
		};
/* End PBXVariantGroup section */

/* Begin XCBuildConfiguration section */
		CD582847251EC20300CE7B73 /* Debug */ = {
			isa = XCBuildConfiguration;
			buildSettings = {
				ALWAYS_SEARCH_USER_PATHS = NO;
				CLANG_ANALYZER_NONNULL = YES;
				CLANG_ANALYZER_NUMBER_OBJECT_CONVERSION = YES_AGGRESSIVE;
				CLANG_CXX_LANGUAGE_STANDARD = "gnu++14";
				CLANG_CXX_LIBRARY = "libc++";
				CLANG_ENABLE_MODULES = YES;
				CLANG_ENABLE_OBJC_ARC = YES;
				CLANG_ENABLE_OBJC_WEAK = YES;
				CLANG_WARN_BLOCK_CAPTURE_AUTORELEASING = YES;
				CLANG_WARN_BOOL_CONVERSION = YES;
				CLANG_WARN_COMMA = YES;
				CLANG_WARN_CONSTANT_CONVERSION = YES;
				CLANG_WARN_DEPRECATED_OBJC_IMPLEMENTATIONS = YES;
				CLANG_WARN_DIRECT_OBJC_ISA_USAGE = YES_ERROR;
				CLANG_WARN_DOCUMENTATION_COMMENTS = YES;
				CLANG_WARN_EMPTY_BODY = YES;
				CLANG_WARN_ENUM_CONVERSION = YES;
				CLANG_WARN_INFINITE_RECURSION = YES;
				CLANG_WARN_INT_CONVERSION = YES;
				CLANG_WARN_NON_LITERAL_NULL_CONVERSION = YES;
				CLANG_WARN_OBJC_IMPLICIT_RETAIN_SELF = YES;
				CLANG_WARN_OBJC_LITERAL_CONVERSION = YES;
				CLANG_WARN_OBJC_ROOT_CLASS = YES_ERROR;
				CLANG_WARN_QUOTED_INCLUDE_IN_FRAMEWORK_HEADER = YES;
				CLANG_WARN_RANGE_LOOP_ANALYSIS = YES;
				CLANG_WARN_STRICT_PROTOTYPES = YES;
				CLANG_WARN_SUSPICIOUS_MOVE = YES;
				CLANG_WARN_UNGUARDED_AVAILABILITY = YES_AGGRESSIVE;
				CLANG_WARN_UNREACHABLE_CODE = YES;
				CLANG_WARN__DUPLICATE_METHOD_MATCH = YES;
				COPY_PHASE_STRIP = NO;
				DEBUG_INFORMATION_FORMAT = dwarf;
				ENABLE_STRICT_OBJC_MSGSEND = YES;
				ENABLE_TESTABILITY = YES;
				GCC_C_LANGUAGE_STANDARD = gnu11;
				GCC_DYNAMIC_NO_PIC = NO;
				GCC_NO_COMMON_BLOCKS = YES;
				GCC_OPTIMIZATION_LEVEL = 0;
				GCC_PREPROCESSOR_DEFINITIONS = (
					"DEBUG=1",
					"$(inherited)",
				);
				GCC_WARN_64_TO_32_BIT_CONVERSION = YES;
				GCC_WARN_ABOUT_RETURN_TYPE = YES_ERROR;
				GCC_WARN_UNDECLARED_SELECTOR = YES;
				GCC_WARN_UNINITIALIZED_AUTOS = YES_AGGRESSIVE;
				GCC_WARN_UNUSED_FUNCTION = YES;
				GCC_WARN_UNUSED_VARIABLE = YES;
				IPHONEOS_DEPLOYMENT_TARGET = 14.0;
				MTL_ENABLE_DEBUG_INFO = INCLUDE_SOURCE;
				MTL_FAST_MATH = YES;
				ONLY_ACTIVE_ARCH = YES;
				SDKROOT = iphoneos;
				SWIFT_ACTIVE_COMPILATION_CONDITIONS = DEBUG;
				SWIFT_OPTIMIZATION_LEVEL = "-Onone";
			};
			name = Debug;
		};
		CD582848251EC20300CE7B73 /* Release */ = {
			isa = XCBuildConfiguration;
			buildSettings = {
				ALWAYS_SEARCH_USER_PATHS = NO;
				CLANG_ANALYZER_NONNULL = YES;
				CLANG_ANALYZER_NUMBER_OBJECT_CONVERSION = YES_AGGRESSIVE;
				CLANG_CXX_LANGUAGE_STANDARD = "gnu++14";
				CLANG_CXX_LIBRARY = "libc++";
				CLANG_ENABLE_MODULES = YES;
				CLANG_ENABLE_OBJC_ARC = YES;
				CLANG_ENABLE_OBJC_WEAK = YES;
				CLANG_WARN_BLOCK_CAPTURE_AUTORELEASING = YES;
				CLANG_WARN_BOOL_CONVERSION = YES;
				CLANG_WARN_COMMA = YES;
				CLANG_WARN_CONSTANT_CONVERSION = YES;
				CLANG_WARN_DEPRECATED_OBJC_IMPLEMENTATIONS = YES;
				CLANG_WARN_DIRECT_OBJC_ISA_USAGE = YES_ERROR;
				CLANG_WARN_DOCUMENTATION_COMMENTS = YES;
				CLANG_WARN_EMPTY_BODY = YES;
				CLANG_WARN_ENUM_CONVERSION = YES;
				CLANG_WARN_INFINITE_RECURSION = YES;
				CLANG_WARN_INT_CONVERSION = YES;
				CLANG_WARN_NON_LITERAL_NULL_CONVERSION = YES;
				CLANG_WARN_OBJC_IMPLICIT_RETAIN_SELF = YES;
				CLANG_WARN_OBJC_LITERAL_CONVERSION = YES;
				CLANG_WARN_OBJC_ROOT_CLASS = YES_ERROR;
				CLANG_WARN_QUOTED_INCLUDE_IN_FRAMEWORK_HEADER = YES;
				CLANG_WARN_RANGE_LOOP_ANALYSIS = YES;
				CLANG_WARN_STRICT_PROTOTYPES = YES;
				CLANG_WARN_SUSPICIOUS_MOVE = YES;
				CLANG_WARN_UNGUARDED_AVAILABILITY = YES_AGGRESSIVE;
				CLANG_WARN_UNREACHABLE_CODE = YES;
				CLANG_WARN__DUPLICATE_METHOD_MATCH = YES;
				COPY_PHASE_STRIP = NO;
				DEBUG_INFORMATION_FORMAT = "dwarf-with-dsym";
				ENABLE_NS_ASSERTIONS = NO;
				ENABLE_STRICT_OBJC_MSGSEND = YES;
				GCC_C_LANGUAGE_STANDARD = gnu11;
				GCC_NO_COMMON_BLOCKS = YES;
				GCC_WARN_64_TO_32_BIT_CONVERSION = YES;
				GCC_WARN_ABOUT_RETURN_TYPE = YES_ERROR;
				GCC_WARN_UNDECLARED_SELECTOR = YES;
				GCC_WARN_UNINITIALIZED_AUTOS = YES_AGGRESSIVE;
				GCC_WARN_UNUSED_FUNCTION = YES;
				GCC_WARN_UNUSED_VARIABLE = YES;
				IPHONEOS_DEPLOYMENT_TARGET = 14.0;
				MTL_ENABLE_DEBUG_INFO = NO;
				MTL_FAST_MATH = YES;
				SDKROOT = iphoneos;
				SWIFT_COMPILATION_MODE = wholemodule;
				SWIFT_OPTIMIZATION_LEVEL = "-O";
				VALIDATE_PRODUCT = YES;
			};
			name = Release;
		};
		CD58284A251EC20300CE7B73 /* Debug */ = {
			isa = XCBuildConfiguration;
			buildSettings = {
				ASSETCATALOG_COMPILER_APPICON_NAME = AppIcon;
				ASSETCATALOG_COMPILER_GLOBAL_ACCENT_COLOR_NAME = AccentColor;
				CODE_SIGN_STYLE = Automatic;
				INFOPLIST_FILE = flixster/Info.plist;
				LD_RUNPATH_SEARCH_PATHS = (
					"$(inherited)",
					"@executable_path/Frameworks",
				);
				PRODUCT_BUNDLE_IDENTIFIER = com.example.flixster;
				PRODUCT_NAME = "$(TARGET_NAME)";
				SWIFT_VERSION = 5.0;
				TARGETED_DEVICE_FAMILY = "1,2";
			};
			name = Debug;
		};
		CD58284B251EC20300CE7B73 /* Release */ = {
			isa = XCBuildConfiguration;
			buildSettings = {
				ASSETCATALOG_COMPILER_APPICON_NAME = AppIcon;
				ASSETCATALOG_COMPILER_GLOBAL_ACCENT_COLOR_NAME = AccentColor;
				CODE_SIGN_STYLE = Automatic;
				INFOPLIST_FILE = flixster/Info.plist;
				LD_RUNPATH_SEARCH_PATHS = (
					"$(inherited)",
					"@executable_path/Frameworks",
				);
				PRODUCT_BUNDLE_IDENTIFIER = com.example.flixster;
				PRODUCT_NAME = "$(TARGET_NAME)";
				SWIFT_VERSION = 5.0;
				TARGETED_DEVICE_FAMILY = "1,2";
			};
			name = Release;
		};
		CD58284D251EC20300CE7B73 /* Debug */ = {
			isa = XCBuildConfiguration;
			buildSettings = {
				ALWAYS_EMBED_SWIFT_STANDARD_LIBRARIES = YES;
				BUNDLE_LOADER = "$(TEST_HOST)";
				CODE_SIGN_STYLE = Automatic;
				INFOPLIST_FILE = flixsterTests/Info.plist;
				IPHONEOS_DEPLOYMENT_TARGET = 14.0;
				LD_RUNPATH_SEARCH_PATHS = (
					"$(inherited)",
					"@executable_path/Frameworks",
					"@loader_path/Frameworks",
				);
				PRODUCT_BUNDLE_IDENTIFIER = com.example.flixsterTests;
				PRODUCT_NAME = "$(TARGET_NAME)";
				SWIFT_VERSION = 5.0;
				TARGETED_DEVICE_FAMILY = "1,2";
				TEST_HOST = "$(BUILT_PRODUCTS_DIR)/flixster.app/flixster";
			};
			name = Debug;
		};
		CD58284E251EC20300CE7B73 /* Release */ = {
			isa = XCBuildConfiguration;
			buildSettings = {
				ALWAYS_EMBED_SWIFT_STANDARD_LIBRARIES = YES;
				BUNDLE_LOADER = "$(TEST_HOST)";
				CODE_SIGN_STYLE = Automatic;
				INFOPLIST_FILE = flixsterTests/Info.plist;
				IPHONEOS_DEPLOYMENT_TARGET = 14.0;
				LD_RUNPATH_SEARCH_PATHS = (
					"$(inherited)",
					"@executable_path/Frameworks",
					"@loader_path/Frameworks",
				);
				PRODUCT_BUNDLE_IDENTIFIER = com.example.flixsterTests;
				PRODUCT_NAME = "$(TARGET_NAME)";
				SWIFT_VERSION = 5.0;
				TARGETED_DEVICE_FAMILY = "1,2";
				TEST_HOST = "$(BUILT_PRODUCTS_DIR)/flixster.app/flixster";
			};
			name = Release;
		};
		CD582850251EC20300CE7B73 /* Debug */ = {
			isa = XCBuildConfiguration;
			buildSettings = {
				ALWAYS_EMBED_SWIFT_STANDARD_LIBRARIES = YES;
				CODE_SIGN_STYLE = Automatic;
				INFOPLIST_FILE = flixsterUITests/Info.plist;
				LD_RUNPATH_SEARCH_PATHS = (
					"$(inherited)",
					"@executable_path/Frameworks",
					"@loader_path/Frameworks",
				);
				PRODUCT_BUNDLE_IDENTIFIER = com.example.flixsterUITests;
				PRODUCT_NAME = "$(TARGET_NAME)";
				SWIFT_VERSION = 5.0;
				TARGETED_DEVICE_FAMILY = "1,2";
				TEST_TARGET_NAME = flixster;
			};
			name = Debug;
		};
		CD582851251EC20300CE7B73 /* Release */ = {
			isa = XCBuildConfiguration;
			buildSettings = {
				ALWAYS_EMBED_SWIFT_STANDARD_LIBRARIES = YES;
				CODE_SIGN_STYLE = Automatic;
				INFOPLIST_FILE = flixsterUITests/Info.plist;
				LD_RUNPATH_SEARCH_PATHS = (
					"$(inherited)",
					"@executable_path/Frameworks",
					"@loader_path/Frameworks",
				);
				PRODUCT_BUNDLE_IDENTIFIER = com.example.flixsterUITests;
				PRODUCT_NAME = "$(TARGET_NAME)";
				SWIFT_VERSION = 5.0;
				TARGETED_DEVICE_FAMILY = "1,2";
				TEST_TARGET_NAME = flixster;
			};
			name = Release;
		};
/* End XCBuildConfiguration section */

/* Begin XCConfigurationList section */
		CD58281A251EC20300CE7B73 /* Build configuration list for PBXProject "flixster" */ = {
			isa = XCConfigurationList;
			buildConfigurations = (
				CD582847251EC20300CE7B73 /* Debug */,
				CD582848251EC20300CE7B73 /* Release */,
			);
			defaultConfigurationIsVisible = 0;
			defaultConfigurationName = Release;
		};
		CD582849251EC20300CE7B73 /* Build configuration list for PBXNativeTarget "flixster" */ = {
			isa = XCConfigurationList;
			buildConfigurations = (
				CD58284A251EC20300CE7B73 /* Debug */,
				CD58284B251EC20300CE7B73 /* Release */,
			);
			defaultConfigurationIsVisible = 0;
			defaultConfigurationName = Release;
		};
		CD58284C251EC20300CE7B73 /* Build configuration list for PBXNativeTarget "flixsterTests" */ = {
			isa = XCConfigurationList;
			buildConfigurations = (
				CD58284D251EC20300CE7B73 /* Debug */,
				CD58284E251EC20300CE7B73 /* Release */,
			);
			defaultConfigurationIsVisible = 0;
			defaultConfigurationName = Release;
		};
		CD58284F251EC20300CE7B73 /* Build configuration list for PBXNativeTarget "flixsterUITests" */ = {
			isa = XCConfigurationList;
			buildConfigurations = (
				CD582850251EC20300CE7B73 /* Debug */,
				CD582851251EC20300CE7B73 /* Release */,
			);
			defaultConfigurationIsVisible = 0;
			defaultConfigurationName = Release;
		};
/* End XCConfigurationList section */
	};
	rootObject = CD582817251EC20300CE7B73 /* Project object */;
}
